// !$*UTF8*$!
{
	archiveVersion = 1;
	classes = {
	};
	objectVersion = 46;
	objects = {

/* Begin PBXBuildFile section */
		A06821CE1B6FEFF000A5F827 /* main.cpp in Sources */ = {isa = PBXBuildFile; fileRef = A06821CD1B6FEFF000A5F827 /* main.cpp */; };
		A0E9849A1B73D21000DB2040 /* .. in Frameworks */ = {isa = PBXBuildFile; fileRef = A0E984991B73D21000DB2040 /* .. */; };
/* End PBXBuildFile section */

/* Begin PBXCopyFilesBuildPhase section */
		A06821C81B6FEFF000A5F827 /* CopyFiles */ = {
			isa = PBXCopyFilesBuildPhase;
			buildActionMask = 2147483647;
			dstPath = /usr/share/man/man1/;
			dstSubfolderSpec = 0;
			files = (
			);
			runOnlyForDeploymentPostprocessing = 1;
		};
/* End PBXCopyFilesBuildPhase section */

/* Begin PBXFileReference section */
		A06821CA1B6FEFF000A5F827 /* TestAccuracy */ = {isa = PBXFileReference; explicitFileType = "compiled.mach-o.executable"; includeInIndex = 0; path = TestAccuracy; sourceTree = BUILT_PRODUCTS_DIR; };
		A06821CD1B6FEFF000A5F827 /* main.cpp */ = {isa = PBXFileReference; lastKnownFileType = sourcecode.cpp.cpp; path = main.cpp; sourceTree = "<group>"; };
		A0E984991B73D21000DB2040 /* .. */ = {isa = PBXFileReference; lastKnownFileType = folder; path = ..; sourceTree = "<group>"; };
/* End PBXFileReference section */

/* Begin PBXFrameworksBuildPhase section */
		A06821C71B6FEFF000A5F827 /* Frameworks */ = {
			isa = PBXFrameworksBuildPhase;
			buildActionMask = 2147483647;
			files = (
				A0E9849A1B73D21000DB2040 /* .. in Frameworks */,
			);
			runOnlyForDeploymentPostprocessing = 0;
		};
/* End PBXFrameworksBuildPhase section */

/* Begin PBXGroup section */
		A06821C11B6FEFF000A5F827 = {
			isa = PBXGroup;
			children = (
				A0E984991B73D21000DB2040 /* .. */,
				A06821CC1B6FEFF000A5F827 /* TestAccuracy */,
				A06821CB1B6FEFF000A5F827 /* Products */,
			);
			sourceTree = "<group>";
		};
		A06821CB1B6FEFF000A5F827 /* Products */ = {
			isa = PBXGroup;
			children = (
				A06821CA1B6FEFF000A5F827 /* TestAccuracy */,
			);
			name = Products;
			sourceTree = "<group>";
		};
		A06821CC1B6FEFF000A5F827 /* TestAccuracy */ = {
			isa = PBXGroup;
			children = (
				A06821CD1B6FEFF000A5F827 /* main.cpp */,
			);
			path = TestAccuracy;
			sourceTree = "<group>";
		};
/* End PBXGroup section */

/* Begin PBXNativeTarget section */
		A06821C91B6FEFF000A5F827 /* TestAccuracy */ = {
			isa = PBXNativeTarget;
			buildConfigurationList = A06821D11B6FEFF000A5F827 /* Build configuration list for PBXNativeTarget "TestAccuracy" */;
			buildPhases = (
				A06821C61B6FEFF000A5F827 /* Sources */,
				A06821C71B6FEFF000A5F827 /* Frameworks */,
				A06821C81B6FEFF000A5F827 /* CopyFiles */,
				7E130E661BC01F5B008ECC31 /* ShellScript */,
			);
			buildRules = (
			);
			dependencies = (
			);
			name = TestAccuracy;
			productName = TestAccuracy;
			productReference = A06821CA1B6FEFF000A5F827 /* TestAccuracy */;
			productType = "com.apple.product-type.tool";
		};
/* End PBXNativeTarget section */

/* Begin PBXProject section */
		A06821C21B6FEFF000A5F827 /* Project object */ = {
			isa = PBXProject;
			attributes = {
				LastUpgradeCheck = 0700;
				ORGANIZATIONNAME = "Chengxiong Ruan";
				TargetAttributes = {
					A06821C91B6FEFF000A5F827 = {
						CreatedOnToolsVersion = 6.4;
					};
				};
			};
			buildConfigurationList = A06821C51B6FEFF000A5F827 /* Build configuration list for PBXProject "TestAccuracy" */;
			compatibilityVersion = "Xcode 3.2";
			developmentRegion = English;
			hasScannedForEncodings = 0;
			knownRegions = (
				en,
			);
			mainGroup = A06821C11B6FEFF000A5F827;
			productRefGroup = A06821CB1B6FEFF000A5F827 /* Products */;
			projectDirPath = "";
			projectRoot = "";
			targets = (
				A06821C91B6FEFF000A5F827 /* TestAccuracy */,
			);
		};
/* End PBXProject section */

/* Begin PBXShellScriptBuildPhase section */
		7E130E661BC01F5B008ECC31 /* ShellScript */ = {
			isa = PBXShellScriptBuildPhase;
			buildActionMask = 2147483647;
			files = (
			);
			inputPaths = (
			);
			outputPaths = (
			);
			runOnlyForDeploymentPostprocessing = 0;
			shellPath = /bin/sh;
			shellScript = "if [ ! -d \"${PROJECT_DIR}/build\" ]; then\n  echo \"dir does not exist\"\n  mkdir \"${PROJECT_DIR}/build\"\nfi\n\ncp \"${TARGET_BUILD_DIR}/${EXECUTABLE_PATH}\" \"${PROJECT_DIR}/build\"\n";
		};
/* End PBXShellScriptBuildPhase section */

/* Begin PBXSourcesBuildPhase section */
		A06821C61B6FEFF000A5F827 /* Sources */ = {
			isa = PBXSourcesBuildPhase;
			buildActionMask = 2147483647;
			files = (
				A06821CE1B6FEFF000A5F827 /* main.cpp in Sources */,
			);
			runOnlyForDeploymentPostprocessing = 0;
		};
/* End PBXSourcesBuildPhase section */

/* Begin XCBuildConfiguration section */
		A06821CF1B6FEFF000A5F827 /* Debug */ = {
			isa = XCBuildConfiguration;
			buildSettings = {
				ALWAYS_SEARCH_USER_PATHS = NO;
				CLANG_CXX_LANGUAGE_STANDARD = "gnu++0x";
				CLANG_CXX_LIBRARY = "libc++";
				CLANG_ENABLE_MODULES = YES;
				CLANG_ENABLE_OBJC_ARC = YES;
				CLANG_WARN_BOOL_CONVERSION = YES;
				CLANG_WARN_CONSTANT_CONVERSION = YES;
				CLANG_WARN_DIRECT_OBJC_ISA_USAGE = YES_ERROR;
				CLANG_WARN_EMPTY_BODY = YES;
				CLANG_WARN_ENUM_CONVERSION = YES;
				CLANG_WARN_INT_CONVERSION = YES;
				CLANG_WARN_OBJC_ROOT_CLASS = YES_ERROR;
				CLANG_WARN_UNREACHABLE_CODE = YES;
				CLANG_WARN__DUPLICATE_METHOD_MATCH = YES;
				COPY_PHASE_STRIP = NO;
				DEBUG_INFORMATION_FORMAT = dwarf;
				ENABLE_STRICT_OBJC_MSGSEND = YES;
				ENABLE_TESTABILITY = YES;
				FRAMEWORK_SEARCH_PATHS = "$(SRCROOT)/../../";
				GCC_C_LANGUAGE_STANDARD = gnu99;
				GCC_DYNAMIC_NO_PIC = NO;
				GCC_NO_COMMON_BLOCKS = YES;
				GCC_OPTIMIZATION_LEVEL = 0;
				GCC_PREPROCESSOR_DEFINITIONS = (
					"DEBUG=1",
					"$(inherited)",
				);
				GCC_SYMBOLS_PRIVATE_EXTERN = NO;
				GCC_WARN_64_TO_32_BIT_CONVERSION = YES;
				GCC_WARN_ABOUT_RETURN_TYPE = YES_ERROR;
				GCC_WARN_UNDECLARED_SELECTOR = YES;
				GCC_WARN_UNINITIALIZED_AUTOS = YES_AGGRESSIVE;
				GCC_WARN_UNUSED_FUNCTION = YES;
				GCC_WARN_UNUSED_VARIABLE = YES;
				HEADER_SEARCH_PATHS = "";
				MACOSX_DEPLOYMENT_TARGET = 10.10;
				MTL_ENABLE_DEBUG_INFO = YES;
				ONLY_ACTIVE_ARCH = YES;
				SDKROOT = macosx;
			};
			name = Debug;
		};
		A06821D01B6FEFF000A5F827 /* Release */ = {
			isa = XCBuildConfiguration;
			buildSettings = {
				ALWAYS_SEARCH_USER_PATHS = NO;
				CLANG_CXX_LANGUAGE_STANDARD = "gnu++0x";
				CLANG_CXX_LIBRARY = "libc++";
				CLANG_ENABLE_MODULES = YES;
				CLANG_ENABLE_OBJC_ARC = YES;
				CLANG_WARN_BOOL_CONVERSION = YES;
				CLANG_WARN_CONSTANT_CONVERSION = YES;
				CLANG_WARN_DIRECT_OBJC_ISA_USAGE = YES_ERROR;
				CLANG_WARN_EMPTY_BODY = YES;
				CLANG_WARN_ENUM_CONVERSION = YES;
				CLANG_WARN_INT_CONVERSION = YES;
				CLANG_WARN_OBJC_ROOT_CLASS = YES_ERROR;
				CLANG_WARN_UNREACHABLE_CODE = YES;
				CLANG_WARN__DUPLICATE_METHOD_MATCH = YES;
				COPY_PHASE_STRIP = NO;
				DEBUG_INFORMATION_FORMAT = "dwarf-with-dsym";
				ENABLE_NS_ASSERTIONS = NO;
				ENABLE_STRICT_OBJC_MSGSEND = YES;
				FRAMEWORK_SEARCH_PATHS = "$(SRCROOT)/../../";
				GCC_C_LANGUAGE_STANDARD = gnu99;
				GCC_NO_COMMON_BLOCKS = YES;
				GCC_WARN_64_TO_32_BIT_CONVERSION = YES;
				GCC_WARN_ABOUT_RETURN_TYPE = YES_ERROR;
				GCC_WARN_UNDECLARED_SELECTOR = YES;
				GCC_WARN_UNINITIALIZED_AUTOS = YES_AGGRESSIVE;
				GCC_WARN_UNUSED_FUNCTION = YES;
				GCC_WARN_UNUSED_VARIABLE = YES;
				HEADER_SEARCH_PATHS = "";
				MACOSX_DEPLOYMENT_TARGET = 10.10;
				MTL_ENABLE_DEBUG_INFO = NO;
				SDKROOT = macosx;
			};
			name = Release;
		};
		A06821D21B6FEFF000A5F827 /* Debug */ = {
			isa = XCBuildConfiguration;
			buildSettings = {
				FRAMEWORK_SEARCH_PATHS = (
					"$(inherited)",
					"$(PROJECT_DIR)",
				);
				PRODUCT_NAME = "$(TARGET_NAME)";
			};
			name = Debug;
		};
		A06821D31B6FEFF000A5F827 /* Release */ = {
			isa = XCBuildConfiguration;
			buildSettings = {
				FRAMEWORK_SEARCH_PATHS = (
					"$(inherited)",
					"$(PROJECT_DIR)",
				);
				PRODUCT_NAME = "$(TARGET_NAME)";
			};
			name = Release;
		};
/* End XCBuildConfiguration section */

/* Begin XCConfigurationList section */
		A06821C51B6FEFF000A5F827 /* Build configuration list for PBXProject "TestAccuracy" */ = {
			isa = XCConfigurationList;
			buildConfigurations = (
				A06821CF1B6FEFF000A5F827 /* Debug */,
				A06821D01B6FEFF000A5F827 /* Release */,
			);
			defaultConfigurationIsVisible = 0;
			defaultConfigurationName = Release;
		};
		A06821D11B6FEFF000A5F827 /* Build configuration list for PBXNativeTarget "TestAccuracy" */ = {
			isa = XCConfigurationList;
			buildConfigurations = (
				A06821D21B6FEFF000A5F827 /* Debug */,
				A06821D31B6FEFF000A5F827 /* Release */,
			);
			defaultConfigurationIsVisible = 0;
			defaultConfigurationName = Release;
		};
/* End XCConfigurationList section */
	};
	rootObject = A06821C21B6FEFF000A5F827 /* Project object */;
}
